
Microsoft Visual Studio Solution File, Format Version 12.00
# Visual Studio Version 16
VisualStudioVersion = 16.0.30907.101
MinimumVisualStudioVersion = 10.0.40219.1
Project("{FAE04EC0-301F-11D3-BF4B-00C04F79EFBC}") = "sqlperson", "sqlperson\sqlperson.csproj", "{016823A7-0213-4A84-A160-992CD56F8346}"
EndProject
Global
	GlobalSection(SolutionConfigurationPlatforms) = preSolution
		Debug|Any CPU = Debug|Any CPU
		Release|Any CPU = Release|Any CPU
	EndGlobalSection
	GlobalSection(ProjectConfigurationPlatforms) = postSolution
		{016823A7-0213-4A84-A160-992CD56F8346}.Debug|Any CPU.ActiveCfg = Debug|Any CPU
		{016823A7-0213-4A84-A160-992CD56F8346}.Debug|Any CPU.Build.0 = Debug|Any CPU
		{016823A7-0213-4A84-A160-992CD56F8346}.Release|Any CPU.ActiveCfg = Release|Any CPU
		{016823A7-0213-4A84-A160-992CD56F8346}.Release|Any CPU.Build.0 = Release|Any CPU
	EndGlobalSection
	GlobalSection(SolutionProperties) = preSolution
		HideSolutionNode = FALSE
	EndGlobalSection
	GlobalSection(ExtensibilityGlobals) = postSolution
		SolutionGuid = {CE5F6DCC-73D2-4FDD-83C8-BABFF224B3AA}
	EndGlobalSection
EndGlobal
